// !$*UTF8*$!
{
	archiveVersion = 1;
	classes = {
	};
	objectVersion = 77;
	objects = {

/* Begin PBXBuildFile section */
		E4365B342D86C36400247FF6 /* RealmSwift in Frameworks */ = {isa = PBXBuildFile; productRef = E4365B332D86C36400247FF6 /* RealmSwift */; };
		E4365B352D86C37300247FF6 /* RealmSwift in Embed Frameworks */ = {isa = PBXBuildFile; productRef = E4365B332D86C36400247FF6 /* RealmSwift */; settings = {ATTRIBUTES = (CodeSignOnCopy, ); }; };
		E46EB9112D43653E00F0E536 /* .gitignore in Resources */ = {isa = PBXBuildFile; fileRef = E46EB9102D43653E00F0E536 /* .gitignore */; };
		E472DABB2D57CD0E0054E7EA /* Alamofire in Frameworks */ = {isa = PBXBuildFile; productRef = E472DABA2D57CD0E0054E7EA /* Alamofire */; };
		E472DAC12D57CD270054E7EA /* SnapKit in Frameworks */ = {isa = PBXBuildFile; productRef = E472DAC02D57CD270054E7EA /* SnapKit */; };
		E472DAC72D57CD3D0054E7EA /* Kingfisher in Frameworks */ = {isa = PBXBuildFile; productRef = E472DAC62D57CD3D0054E7EA /* Kingfisher */; };
		E472E5722D59762E0054E7EA /* YouTubePlayerKit in Frameworks */ = {isa = PBXBuildFile; productRef = E472E5712D59762E0054E7EA /* YouTubePlayerKit */; };
		E474B0E32D5C3ADE0086FD5B /* Cosmos in Frameworks */ = {isa = PBXBuildFile; productRef = E474B0E22D5C3ADE0086FD5B /* Cosmos */; };
		E474B5992D622BAA0086FD5B /* NVActivityIndicatorView in Frameworks */ = {isa = PBXBuildFile; productRef = E474B5982D622BAA0086FD5B /* NVActivityIndicatorView */; };
		E474B6FA2D62F3AC0086FD5B /* RxCocoa in Frameworks */ = {isa = PBXBuildFile; productRef = E474B6F92D62F3AC0086FD5B /* RxCocoa */; };
		E474B6FC2D62F3AC0086FD5B /* RxSwift in Frameworks */ = {isa = PBXBuildFile; productRef = E474B6FB2D62F3AC0086FD5B /* RxSwift */; };
/* End PBXBuildFile section */

/* Begin PBXCopyFilesBuildPhase section */
		E4365B362D86C37300247FF6 /* Embed Frameworks */ = {
			isa = PBXCopyFilesBuildPhase;
			buildActionMask = 2147483647;
			dstPath = "";
			dstSubfolderSpec = 10;
			files = (
				E4365B352D86C37300247FF6 /* RealmSwift in Embed Frameworks */,
			);
			name = "Embed Frameworks";
			runOnlyForDeploymentPostprocessing = 0;
		};
/* End PBXCopyFilesBuildPhase section */

/* Begin PBXFileReference section */
		E46EB8F22D43631200F0E536 /* HiKiApp.app */ = {isa = PBXFileReference; explicitFileType = wrapper.application; includeInIndex = 0; path = HiKiApp.app; sourceTree = BUILT_PRODUCTS_DIR; };
		E46EB9102D43653E00F0E536 /* .gitignore */ = {isa = PBXFileReference; lastKnownFileType = text; path = .gitignore; sourceTree = "<group>"; };
/* End PBXFileReference section */

/* Begin PBXFileSystemSynchronizedBuildFileExceptionSet section */
		E474AFF82D5B3AC40086FD5B /* Exceptions for "HiKiApp" folder in "HiKiApp" target */ = {
			isa = PBXFileSystemSynchronizedBuildFileExceptionSet;
			membershipExceptions = (
				Info.plist,
			);
			target = E46EB8F12D43631200F0E536 /* HiKiApp */;
		};
/* End PBXFileSystemSynchronizedBuildFileExceptionSet section */

/* Begin PBXFileSystemSynchronizedRootGroup section */
		E46EB8F42D43631200F0E536 /* HiKiApp */ = {
			isa = PBXFileSystemSynchronizedRootGroup;
			exceptions = (
				E474AFF82D5B3AC40086FD5B /* Exceptions for "HiKiApp" folder in "HiKiApp" target */,
			);
			path = HiKiApp;
			sourceTree = "<group>";
		};
/* End PBXFileSystemSynchronizedRootGroup section */

/* Begin PBXFrameworksBuildPhase section */
		E46EB8EF2D43631200F0E536 /* Frameworks */ = {
			isa = PBXFrameworksBuildPhase;
			buildActionMask = 2147483647;
			files = (
				E474B6FA2D62F3AC0086FD5B /* RxCocoa in Frameworks */,
				E474B6FC2D62F3AC0086FD5B /* RxSwift in Frameworks */,
				E474B5992D622BAA0086FD5B /* NVActivityIndicatorView in Frameworks */,
				E4365B342D86C36400247FF6 /* RealmSwift in Frameworks */,
				E472DAC12D57CD270054E7EA /* SnapKit in Frameworks */,
				E474B0E32D5C3ADE0086FD5B /* Cosmos in Frameworks */,
				E472E5722D59762E0054E7EA /* YouTubePlayerKit in Frameworks */,
				E472DABB2D57CD0E0054E7EA /* Alamofire in Frameworks */,
				E472DAC72D57CD3D0054E7EA /* Kingfisher in Frameworks */,
			);
			runOnlyForDeploymentPostprocessing = 0;
		};
/* End PBXFrameworksBuildPhase section */

/* Begin PBXGroup section */
		E46EB8E92D43631200F0E536 = {
			isa = PBXGroup;
			children = (
				E46EB9102D43653E00F0E536 /* .gitignore */,
				E46EB8F42D43631200F0E536 /* HiKiApp */,
				E46EB8F32D43631200F0E536 /* Products */,
			);
			sourceTree = "<group>";
		};
		E46EB8F32D43631200F0E536 /* Products */ = {
			isa = PBXGroup;
			children = (
				E46EB8F22D43631200F0E536 /* HiKiApp.app */,
			);
			name = Products;
			sourceTree = "<group>";
		};
/* End PBXGroup section */

/* Begin PBXNativeTarget section */
		E46EB8F12D43631200F0E536 /* HiKiApp */ = {
			isa = PBXNativeTarget;
			buildConfigurationList = E46EB9052D43631500F0E536 /* Build configuration list for PBXNativeTarget "HiKiApp" */;
			buildPhases = (
				E46EB8EE2D43631200F0E536 /* Sources */,
				E46EB8EF2D43631200F0E536 /* Frameworks */,
				E46EB8F02D43631200F0E536 /* Resources */,
				E4365B362D86C37300247FF6 /* Embed Frameworks */,
			);
			buildRules = (
			);
			dependencies = (
			);
			fileSystemSynchronizedGroups = (
				E46EB8F42D43631200F0E536 /* HiKiApp */,
			);
			name = HiKiApp;
			packageProductDependencies = (
				E472DABA2D57CD0E0054E7EA /* Alamofire */,
				E472DAC02D57CD270054E7EA /* SnapKit */,
				E472DAC62D57CD3D0054E7EA /* Kingfisher */,
				E472E5712D59762E0054E7EA /* YouTubePlayerKit */,
				E474B0E22D5C3ADE0086FD5B /* Cosmos */,
				E474B5982D622BAA0086FD5B /* NVActivityIndicatorView */,
				E474B6F92D62F3AC0086FD5B /* RxCocoa */,
				E474B6FB2D62F3AC0086FD5B /* RxSwift */,
				E4365B332D86C36400247FF6 /* RealmSwift */,
			);
			productName = NaMuApp;
			productReference = E46EB8F22D43631200F0E536 /* HiKiApp.app */;
			productType = "com.apple.product-type.application";
		};
/* End PBXNativeTarget section */

/* Begin PBXProject section */
		E46EB8EA2D43631200F0E536 /* Project object */ = {
			isa = PBXProject;
			attributes = {
				BuildIndependentTargetsInParallel = 1;
				LastSwiftUpdateCheck = 1620;
				LastUpgradeCheck = 1620;
				TargetAttributes = {
					E46EB8F12D43631200F0E536 = {
						CreatedOnToolsVersion = 16.2;
					};
				};
			};
			buildConfigurationList = E46EB8ED2D43631200F0E536 /* Build configuration list for PBXProject "HiKiApp" */;
			developmentRegion = en;
			hasScannedForEncodings = 0;
			knownRegions = (
				en,
				Base,
			);
			mainGroup = E46EB8E92D43631200F0E536;
			minimizedProjectReferenceProxies = 1;
			packageReferences = (
				E472DAB92D57CD0E0054E7EA /* XCRemoteSwiftPackageReference "Alamofire" */,
				E472DABF2D57CD270054E7EA /* XCRemoteSwiftPackageReference "SnapKit" */,
				E472DAC52D57CD3D0054E7EA /* XCRemoteSwiftPackageReference "Kingfisher" */,
				E472E5702D59762E0054E7EA /* XCRemoteSwiftPackageReference "YouTubePlayerKit" */,
				E474B0E12D5C3ADE0086FD5B /* XCRemoteSwiftPackageReference "Cosmos" */,
				E474B5972D622BAA0086FD5B /* XCRemoteSwiftPackageReference "NVActivityIndicatorView" */,
				E474B6F82D62F3AC0086FD5B /* XCRemoteSwiftPackageReference "RxSwift" */,
				E4365B322D86C36400247FF6 /* XCRemoteSwiftPackageReference "realm-swift" */,
			);
			preferredProjectObjectVersion = 77;
			productRefGroup = E46EB8F32D43631200F0E536 /* Products */;
			projectDirPath = "";
			projectRoot = "";
			targets = (
				E46EB8F12D43631200F0E536 /* HiKiApp */,
			);
		};
/* End PBXProject section */

/* Begin PBXResourcesBuildPhase section */
		E46EB8F02D43631200F0E536 /* Resources */ = {
			isa = PBXResourcesBuildPhase;
			buildActionMask = 2147483647;
			files = (
				E46EB9112D43653E00F0E536 /* .gitignore in Resources */,
			);
			runOnlyForDeploymentPostprocessing = 0;
		};
/* End PBXResourcesBuildPhase section */

/* Begin PBXSourcesBuildPhase section */
		E46EB8EE2D43631200F0E536 /* Sources */ = {
			isa = PBXSourcesBuildPhase;
			buildActionMask = 2147483647;
			files = (
			);
			runOnlyForDeploymentPostprocessing = 0;
		};
/* End PBXSourcesBuildPhase section */

/* Begin XCBuildConfiguration section */
		E46EB9062D43631500F0E536 /* Debug */ = {
			isa = XCBuildConfiguration;
			buildSettings = {
				ASSETCATALOG_COMPILER_APPICON_NAME = AppIcon;
				ASSETCATALOG_COMPILER_GLOBAL_ACCENT_COLOR_NAME = AccentColor;
				CODE_SIGN_STYLE = Automatic;
				CURRENT_PROJECT_VERSION = 1;
				DEVELOPMENT_TEAM = Q653PU93R6;
				GENERATE_INFOPLIST_FILE = YES;
				INFOPLIST_FILE = HiKiApp/Info.plist;
				INFOPLIST_KEY_CFBundleDisplayName = HiKi;
				INFOPLIST_KEY_UIApplicationSupportsIndirectInputEvents = YES;
				INFOPLIST_KEY_UILaunchStoryboardName = LaunchScreen;
				INFOPLIST_KEY_UISupportedInterfaceOrientations = UIInterfaceOrientationPortrait;
				INFOPLIST_KEY_UISupportedInterfaceOrientations_iPad = "UIInterfaceOrientationLandscapeLeft UIInterfaceOrientationLandscapeRight UIInterfaceOrientationPortrait UIInterfaceOrientationPortraitUpsideDown";
				INFOPLIST_KEY_UIUserInterfaceStyle = Light;
				IPHONEOS_DEPLOYMENT_TARGET = 16.0;
				LD_RUNPATH_SEARCH_PATHS = (
					"$(inherited)",
					"@executable_path/Frameworks",
				);
				MARKETING_VERSION = 1.0.0;
				OTHER_SWIFT_FLAGS = "";
				PRODUCT_BUNDLE_IDENTIFIER = WEDLE.HiKiApp;
				PRODUCT_NAME = "$(TARGET_NAME)";
				SUPPORTED_PLATFORMS = "iphoneos iphonesimulator";
				SUPPORTS_MACCATALYST = NO;
				SUPPORTS_MAC_DESIGNED_FOR_IPHONE_IPAD = NO;
				SUPPORTS_XR_DESIGNED_FOR_IPHONE_IPAD = NO;
				SWIFT_EMIT_LOC_STRINGS = YES;
				SWIFT_VERSION = 5.0;
				TARGETED_DEVICE_FAMILY = 1;
			};
			name = Debug;
		};
		E46EB9072D43631500F0E536 /* Release */ = {
			isa = XCBuildConfiguration;
			buildSettings = {
				ASSETCATALOG_COMPILER_APPICON_NAME = AppIcon;
				ASSETCATALOG_COMPILER_GLOBAL_ACCENT_COLOR_NAME = AccentColor;
				CODE_SIGN_STYLE = Automatic;
				CURRENT_PROJECT_VERSION = 1;
				DEVELOPMENT_TEAM = Q653PU93R6;
				GENERATE_INFOPLIST_FILE = YES;
				INFOPLIST_FILE = HiKiApp/Info.plist;
				INFOPLIST_KEY_CFBundleDisplayName = HiKi;
				INFOPLIST_KEY_UIApplicationSupportsIndirectInputEvents = YES;
				INFOPLIST_KEY_UILaunchStoryboardName = LaunchScreen;
				INFOPLIST_KEY_UISupportedInterfaceOrientations = UIInterfaceOrientationPortrait;
				INFOPLIST_KEY_UISupportedInterfaceOrientations_iPad = "UIInterfaceOrientationLandscapeLeft UIInterfaceOrientationLandscapeRight UIInterfaceOrientationPortrait UIInterfaceOrientationPortraitUpsideDown";
				INFOPLIST_KEY_UIUserInterfaceStyle = Light;
				IPHONEOS_DEPLOYMENT_TARGET = 16.0;
				LD_RUNPATH_SEARCH_PATHS = (
					"$(inherited)",
					"@executable_path/Frameworks",
				);
				MARKETING_VERSION = 1.0.0;
				OTHER_SWIFT_FLAGS = "";
				PRODUCT_BUNDLE_IDENTIFIER = WEDLE.HiKiApp;
				PRODUCT_NAME = "$(TARGET_NAME)";
				SUPPORTED_PLATFORMS = "iphoneos iphonesimulator";
				SUPPORTS_MACCATALYST = NO;
				SUPPORTS_MAC_DESIGNED_FOR_IPHONE_IPAD = NO;
				SUPPORTS_XR_DESIGNED_FOR_IPHONE_IPAD = NO;
				SWIFT_EMIT_LOC_STRINGS = YES;
				SWIFT_VERSION = 5.0;
				TARGETED_DEVICE_FAMILY = 1;
			};
			name = Release;
		};
		E46EB9082D43631500F0E536 /* Debug */ = {
			isa = XCBuildConfiguration;
			buildSettings = {
				ALWAYS_SEARCH_USER_PATHS = NO;
				ASSETCATALOG_COMPILER_GENERATE_SWIFT_ASSET_SYMBOL_EXTENSIONS = YES;
				CLANG_ANALYZER_NONNULL = YES;
				CLANG_ANALYZER_NUMBER_OBJECT_CONVERSION = YES_AGGRESSIVE;
				CLANG_CXX_LANGUAGE_STANDARD = "gnu++20";
				CLANG_ENABLE_MODULES = YES;
				CLANG_ENABLE_OBJC_ARC = YES;
				CLANG_ENABLE_OBJC_WEAK = YES;
				CLANG_WARN_BLOCK_CAPTURE_AUTORELEASING = YES;
				CLANG_WARN_BOOL_CONVERSION = YES;
				CLANG_WARN_COMMA = YES;
				CLANG_WARN_CONSTANT_CONVERSION = YES;
				CLANG_WARN_DEPRECATED_OBJC_IMPLEMENTATIONS = YES;
				CLANG_WARN_DIRECT_OBJC_ISA_USAGE = YES_ERROR;
				CLANG_WARN_DOCUMENTATION_COMMENTS = YES;
				CLANG_WARN_EMPTY_BODY = YES;
				CLANG_WARN_ENUM_CONVERSION = YES;
				CLANG_WARN_INFINITE_RECURSION = YES;
				CLANG_WARN_INT_CONVERSION = YES;
				CLANG_WARN_NON_LITERAL_NULL_CONVERSION = YES;
				CLANG_WARN_OBJC_IMPLICIT_RETAIN_SELF = YES;
				CLANG_WARN_OBJC_LITERAL_CONVERSION = YES;
				CLANG_WARN_OBJC_ROOT_CLASS = YES_ERROR;
				CLANG_WARN_QUOTED_INCLUDE_IN_FRAMEWORK_HEADER = YES;
				CLANG_WARN_RANGE_LOOP_ANALYSIS = YES;
				CLANG_WARN_STRICT_PROTOTYPES = YES;
				CLANG_WARN_SUSPICIOUS_MOVE = YES;
				CLANG_WARN_UNGUARDED_AVAILABILITY = YES_AGGRESSIVE;
				CLANG_WARN_UNREACHABLE_CODE = YES;
				CLANG_WARN__DUPLICATE_METHOD_MATCH = YES;
				COPY_PHASE_STRIP = NO;
				DEBUG_INFORMATION_FORMAT = dwarf;
				ENABLE_STRICT_OBJC_MSGSEND = YES;
				ENABLE_TESTABILITY = YES;
				ENABLE_USER_SCRIPT_SANDBOXING = YES;
				GCC_C_LANGUAGE_STANDARD = gnu17;
				GCC_DYNAMIC_NO_PIC = NO;
				GCC_NO_COMMON_BLOCKS = YES;
				GCC_OPTIMIZATION_LEVEL = 0;
				GCC_PREPROCESSOR_DEFINITIONS = (
					"DEBUG=1",
					"$(inherited)",
				);
				GCC_WARN_64_TO_32_BIT_CONVERSION = YES;
				GCC_WARN_ABOUT_RETURN_TYPE = YES_ERROR;
				GCC_WARN_UNDECLARED_SELECTOR = YES;
				GCC_WARN_UNINITIALIZED_AUTOS = YES_AGGRESSIVE;
				GCC_WARN_UNUSED_FUNCTION = YES;
				GCC_WARN_UNUSED_VARIABLE = YES;
				IPHONEOS_DEPLOYMENT_TARGET = 18.2;
				LOCALIZATION_PREFERS_STRING_CATALOGS = YES;
				MTL_ENABLE_DEBUG_INFO = INCLUDE_SOURCE;
				MTL_FAST_MATH = YES;
				ONLY_ACTIVE_ARCH = YES;
				SDKROOT = iphoneos;
				SWIFT_ACTIVE_COMPILATION_CONDITIONS = "DEBUG $(inherited)";
				SWIFT_OPTIMIZATION_LEVEL = "-Onone";
			};
			name = Debug;
		};
		E46EB9092D43631500F0E536 /* Release */ = {
			isa = XCBuildConfiguration;
			buildSettings = {
				ALWAYS_SEARCH_USER_PATHS = NO;
				ASSETCATALOG_COMPILER_GENERATE_SWIFT_ASSET_SYMBOL_EXTENSIONS = YES;
				CLANG_ANALYZER_NONNULL = YES;
				CLANG_ANALYZER_NUMBER_OBJECT_CONVERSION = YES_AGGRESSIVE;
				CLANG_CXX_LANGUAGE_STANDARD = "gnu++20";
				CLANG_ENABLE_MODULES = YES;
				CLANG_ENABLE_OBJC_ARC = YES;
				CLANG_ENABLE_OBJC_WEAK = YES;
				CLANG_WARN_BLOCK_CAPTURE_AUTORELEASING = YES;
				CLANG_WARN_BOOL_CONVERSION = YES;
				CLANG_WARN_COMMA = YES;
				CLANG_WARN_CONSTANT_CONVERSION = YES;
				CLANG_WARN_DEPRECATED_OBJC_IMPLEMENTATIONS = YES;
				CLANG_WARN_DIRECT_OBJC_ISA_USAGE = YES_ERROR;
				CLANG_WARN_DOCUMENTATION_COMMENTS = YES;
				CLANG_WARN_EMPTY_BODY = YES;
				CLANG_WARN_ENUM_CONVERSION = YES;
				CLANG_WARN_INFINITE_RECURSION = YES;
				CLANG_WARN_INT_CONVERSION = YES;
				CLANG_WARN_NON_LITERAL_NULL_CONVERSION = YES;
				CLANG_WARN_OBJC_IMPLICIT_RETAIN_SELF = YES;
				CLANG_WARN_OBJC_LITERAL_CONVERSION = YES;
				CLANG_WARN_OBJC_ROOT_CLASS = YES_ERROR;
				CLANG_WARN_QUOTED_INCLUDE_IN_FRAMEWORK_HEADER = YES;
				CLANG_WARN_RANGE_LOOP_ANALYSIS = YES;
				CLANG_WARN_STRICT_PROTOTYPES = YES;
				CLANG_WARN_SUSPICIOUS_MOVE = YES;
				CLANG_WARN_UNGUARDED_AVAILABILITY = YES_AGGRESSIVE;
				CLANG_WARN_UNREACHABLE_CODE = YES;
				CLANG_WARN__DUPLICATE_METHOD_MATCH = YES;
				COPY_PHASE_STRIP = NO;
				DEBUG_INFORMATION_FORMAT = "dwarf-with-dsym";
				ENABLE_NS_ASSERTIONS = NO;
				ENABLE_STRICT_OBJC_MSGSEND = YES;
				ENABLE_USER_SCRIPT_SANDBOXING = YES;
				GCC_C_LANGUAGE_STANDARD = gnu17;
				GCC_NO_COMMON_BLOCKS = YES;
				GCC_WARN_64_TO_32_BIT_CONVERSION = YES;
				GCC_WARN_ABOUT_RETURN_TYPE = YES_ERROR;
				GCC_WARN_UNDECLARED_SELECTOR = YES;
				GCC_WARN_UNINITIALIZED_AUTOS = YES_AGGRESSIVE;
				GCC_WARN_UNUSED_FUNCTION = YES;
				GCC_WARN_UNUSED_VARIABLE = YES;
				IPHONEOS_DEPLOYMENT_TARGET = 18.2;
				LOCALIZATION_PREFERS_STRING_CATALOGS = YES;
				MTL_ENABLE_DEBUG_INFO = NO;
				MTL_FAST_MATH = YES;
				SDKROOT = iphoneos;
				SWIFT_COMPILATION_MODE = wholemodule;
				VALIDATE_PRODUCT = YES;
			};
			name = Release;
		};
/* End XCBuildConfiguration section */

/* Begin XCConfigurationList section */
		E46EB8ED2D43631200F0E536 /* Build configuration list for PBXProject "HiKiApp" */ = {
			isa = XCConfigurationList;
			buildConfigurations = (
				E46EB9082D43631500F0E536 /* Debug */,
				E46EB9092D43631500F0E536 /* Release */,
			);
			defaultConfigurationIsVisible = 0;
			defaultConfigurationName = Release;
		};
		E46EB9052D43631500F0E536 /* Build configuration list for PBXNativeTarget "HiKiApp" */ = {
			isa = XCConfigurationList;
			buildConfigurations = (
				E46EB9062D43631500F0E536 /* Debug */,
				E46EB9072D43631500F0E536 /* Release */,
			);
			defaultConfigurationIsVisible = 0;
			defaultConfigurationName = Release;
		};
/* End XCConfigurationList section */

/* Begin XCRemoteSwiftPackageReference section */
		E4365B322D86C36400247FF6 /* XCRemoteSwiftPackageReference "realm-swift" */ = {
			isa = XCRemoteSwiftPackageReference;
			repositoryURL = "https://github.com/realm/realm-swift.git";
			requirement = {
				branch = master;
				kind = branch;
			};
		};
		E472DAB92D57CD0E0054E7EA /* XCRemoteSwiftPackageReference "Alamofire" */ = {
			isa = XCRemoteSwiftPackageReference;
			repositoryURL = "https://github.com/Alamofire/Alamofire.git";
			requirement = {
				kind = upToNextMajorVersion;
				minimumVersion = 5.10.2;
			};
		};
		E472DABF2D57CD270054E7EA /* XCRemoteSwiftPackageReference "SnapKit" */ = {
			isa = XCRemoteSwiftPackageReference;
			repositoryURL = "https://github.com/SnapKit/SnapKit.git";
			requirement = {
				kind = upToNextMajorVersion;
				minimumVersion = 5.7.1;
			};
		};
		E472DAC52D57CD3D0054E7EA /* XCRemoteSwiftPackageReference "Kingfisher" */ = {
			isa = XCRemoteSwiftPackageReference;
			repositoryURL = "https://github.com/onevcat/Kingfisher.git";
			requirement = {
				kind = upToNextMajorVersion;
				minimumVersion = 8.2.0;
			};
		};
		E472E5702D59762E0054E7EA /* XCRemoteSwiftPackageReference "YouTubePlayerKit" */ = {
			isa = XCRemoteSwiftPackageReference;
			repositoryURL = "https://github.com/SvenTiigi/YouTubePlayerKit.git";
			requirement = {
				kind = upToNextMajorVersion;
				minimumVersion = 2.0.0;
			};
		};
		E474B0E12D5C3ADE0086FD5B /* XCRemoteSwiftPackageReference "Cosmos" */ = {
			isa = XCRemoteSwiftPackageReference;
			repositoryURL = "https://github.com/evgenyneu/Cosmos.git";
			requirement = {
				kind = upToNextMajorVersion;
				minimumVersion = 25.0.1;
			};
		};
		E474B5972D622BAA0086FD5B /* XCRemoteSwiftPackageReference "NVActivityIndicatorView" */ = {
			isa = XCRemoteSwiftPackageReference;
			repositoryURL = "https://github.com/ninjaprox/NVActivityIndicatorView.git";
			requirement = {
				kind = upToNextMajorVersion;
				minimumVersion = 5.2.0;
			};
		};
		E474B6F82D62F3AC0086FD5B /* XCRemoteSwiftPackageReference "RxSwift" */ = {
			isa = XCRemoteSwiftPackageReference;
			repositoryURL = "https://github.com/ReactiveX/RxSwift.git";
			requirement = {
				kind = upToNextMajorVersion;
				minimumVersion = 6.8.0;
			};
		};
/* End XCRemoteSwiftPackageReference section */

/* Begin XCSwiftPackageProductDependency section */
		E4365B332D86C36400247FF6 /* RealmSwift */ = {
			isa = XCSwiftPackageProductDependency;
			package = E4365B322D86C36400247FF6 /* XCRemoteSwiftPackageReference "realm-swift" */;
			productName = RealmSwift;
		};
		E472DABA2D57CD0E0054E7EA /* Alamofire */ = {
			isa = XCSwiftPackageProductDependency;
			package = E472DAB92D57CD0E0054E7EA /* XCRemoteSwiftPackageReference "Alamofire" */;
			productName = Alamofire;
		};
		E472DAC02D57CD270054E7EA /* SnapKit */ = {
			isa = XCSwiftPackageProductDependency;
			package = E472DABF2D57CD270054E7EA /* XCRemoteSwiftPackageReference "SnapKit" */;
			productName = SnapKit;
		};
		E472DAC62D57CD3D0054E7EA /* Kingfisher */ = {
			isa = XCSwiftPackageProductDependency;
			package = E472DAC52D57CD3D0054E7EA /* XCRemoteSwiftPackageReference "Kingfisher" */;
			productName = Kingfisher;
		};
		E472E5712D59762E0054E7EA /* YouTubePlayerKit */ = {
			isa = XCSwiftPackageProductDependency;
			package = E472E5702D59762E0054E7EA /* XCRemoteSwiftPackageReference "YouTubePlayerKit" */;
			productName = YouTubePlayerKit;
		};
		E474B0E22D5C3ADE0086FD5B /* Cosmos */ = {
			isa = XCSwiftPackageProductDependency;
			package = E474B0E12D5C3ADE0086FD5B /* XCRemoteSwiftPackageReference "Cosmos" */;
			productName = Cosmos;
		};
		E474B5982D622BAA0086FD5B /* NVActivityIndicatorView */ = {
			isa = XCSwiftPackageProductDependency;
			package = E474B5972D622BAA0086FD5B /* XCRemoteSwiftPackageReference "NVActivityIndicatorView" */;
			productName = NVActivityIndicatorView;
		};
		E474B6F92D62F3AC0086FD5B /* RxCocoa */ = {
			isa = XCSwiftPackageProductDependency;
			package = E474B6F82D62F3AC0086FD5B /* XCRemoteSwiftPackageReference "RxSwift" */;
			productName = RxCocoa;
		};
		E474B6FB2D62F3AC0086FD5B /* RxSwift */ = {
			isa = XCSwiftPackageProductDependency;
			package = E474B6F82D62F3AC0086FD5B /* XCRemoteSwiftPackageReference "RxSwift" */;
			productName = RxSwift;
		};
/* End XCSwiftPackageProductDependency section */
	};
	rootObject = E46EB8EA2D43631200F0E536 /* Project object */;
}
